
Microsoft Visual Studio Solution File, Format Version 12.00
# Visual Studio Version 16
VisualStudioVersion = 16.0.30804.86
MinimumVisualStudioVersion = 10.0.40219.1
Project("{2150E333-8FDC-42A3-9474-1A3956D46DE8}") = "src", "src", "{61D63A54-3474-40B5-B702-D72E13CA6A66}"
EndProject
Project("{2150E333-8FDC-42A3-9474-1A3956D46DE8}") = "test", "test", "{6BA8D76E-95FA-4C53-9AF6-36DFF503AB7F}"
EndProject
Project("{FAE04EC0-301F-11D3-BF4B-00C04F79EFBC}") = "Tonglian.Sdk", "src\Tonglian.Sdk\Tonglian.Sdk.csproj", "{88928A54-3D41-40FF-8827-5F62BD4E10BB}"
EndProject
Project("{FAE04EC0-301F-11D3-BF4B-00C04F79EFBC}") = "TonglianSdkTest", "test\TonglianSdkTest\TonglianSdkTest.csproj", "{B68A3B2B-81DF-44F8-B5CE-05CF1B515D98}"
EndProject
Project("{FAE04EC0-301F-11D3-BF4B-00C04F79EFBC}") = "Xc.Tonglian.Web", "src\Xc.Tonglian.Web\Xc.Tonglian.Web.csproj", "{381D814F-AE0C-4C76-8107-ABA1AC80A726}"
EndProject
Global
	GlobalSection(SolutionConfigurationPlatforms) = preSolution
		Debug|Any CPU = Debug|Any CPU
		Release|Any CPU = Release|Any CPU
	EndGlobalSection
	GlobalSection(ProjectConfigurationPlatforms) = postSolution
		{88928A54-3D41-40FF-8827-5F62BD4E10BB}.Debug|Any CPU.ActiveCfg = Debug|Any CPU
		{88928A54-3D41-40FF-8827-5F62BD4E10BB}.Debug|Any CPU.Build.0 = Debug|Any CPU
		{88928A54-3D41-40FF-8827-5F62BD4E10BB}.Release|Any CPU.ActiveCfg = Release|Any CPU
		{88928A54-3D41-40FF-8827-5F62BD4E10BB}.Release|Any CPU.Build.0 = Release|Any CPU
		{B68A3B2B-81DF-44F8-B5CE-05CF1B515D98}.Debug|Any CPU.ActiveCfg = Debug|Any CPU
		{B68A3B2B-81DF-44F8-B5CE-05CF1B515D98}.Debug|Any CPU.Build.0 = Debug|Any CPU
		{B68A3B2B-81DF-44F8-B5CE-05CF1B515D98}.Release|Any CPU.ActiveCfg = Release|Any CPU
		{B68A3B2B-81DF-44F8-B5CE-05CF1B515D98}.Release|Any CPU.Build.0 = Release|Any CPU
		{381D814F-AE0C-4C76-8107-ABA1AC80A726}.Debug|Any CPU.ActiveCfg = Debug|Any CPU
		{381D814F-AE0C-4C76-8107-ABA1AC80A726}.Debug|Any CPU.Build.0 = Debug|Any CPU
		{381D814F-AE0C-4C76-8107-ABA1AC80A726}.Release|Any CPU.ActiveCfg = Release|Any CPU
		{381D814F-AE0C-4C76-8107-ABA1AC80A726}.Release|Any CPU.Build.0 = Release|Any CPU
	EndGlobalSection
	GlobalSection(SolutionProperties) = preSolution
		HideSolutionNode = FALSE
	EndGlobalSection
	GlobalSection(NestedProjects) = preSolution
		{88928A54-3D41-40FF-8827-5F62BD4E10BB} = {61D63A54-3474-40B5-B702-D72E13CA6A66}
		{B68A3B2B-81DF-44F8-B5CE-05CF1B515D98} = {6BA8D76E-95FA-4C53-9AF6-36DFF503AB7F}
		{381D814F-AE0C-4C76-8107-ABA1AC80A726} = {61D63A54-3474-40B5-B702-D72E13CA6A66}
	EndGlobalSection
	GlobalSection(ExtensibilityGlobals) = postSolution
		SolutionGuid = {01C4679D-D82F-4E25-AA53-BDC86E207209}
	EndGlobalSection
EndGlobal
